schema: '2.0'
stages:
  clean:
    cmd: python scripts/clean.py
    deps:
    - path: data/raw/events.csv
      hash: md5
      md5: 431ff8b1e99f6c5ac0a423d9e37ac2a9
      size: 73240
    outs:
    - path: data/clean/events.csv
      hash: md5
      md5: b4e4025181ad4df193cb0d28d46f7046
      size: 9574
  transform:
    cmd: python scripts/transform.py
    deps:
    - path: data/clean/events.csv
      hash: md5
      md5: b4e4025181ad4df193cb0d28d46f7046
      size: 9574
    outs:
    - path: data/transformed/events.csv
      hash: md5
      md5: db53b452a49c9b91edb738c25904bc04
      size: 12505
  features:
    cmd: python scripts/features.py
    deps:
    - path: data/transformed/events.csv
      hash: md5
      md5: db53b452a49c9b91edb738c25904bc04
      size: 12505
    outs:
    - path: data/features/events.csv
      hash: md5
      md5: 521dc754fb21d343d4625f4598551202
      size: 18518
