schema: '2.0'
stages:
  clean:
    cmd: python scripts/clean.py
    deps:
    - path: data/raw/events.csv
      hash: md5
      md5: 431ff8b1e99f6c5ac0a423d9e37ac2a9
      size: 73240
    outs:
    - path: data/clean/events.csv
      hash: md5
      md5: f077fe0757eb849f278214069e4c894f
      size: 10106
  transform:
    cmd: python scripts/transform.py
    deps:
    - path: data/clean/events.csv
      hash: md5
      md5: f077fe0757eb849f278214069e4c894f
      size: 10106
    outs:
    - path: data/transformed/events.csv
      hash: md5
      md5: dbf1d3b7510b0f235ed8b4f154ef77eb
      size: 13037
  features:
    cmd: python scripts/features.py
    deps:
    - path: data/transformed/events.csv
      hash: md5
      md5: dbf1d3b7510b0f235ed8b4f154ef77eb
      size: 13037
    outs:
    - path: data/features/events.csv
      hash: md5
      md5: c1cebd2a804b225c2274e51997a438af
      size: 19050
